
Microsoft Visual Studio Solution File, Format Version 12.00
# Visual Studio Version 17
VisualStudioVersion = 17.5.002.0
MinimumVisualStudioVersion = 10.0.40219.1
Project("{9A19103F-16F7-4668-BE54-9A1E7A4F7556}") = "tarea3", "tarea3.csproj", "{E201009D-2834-4BE9-A46A-C52DD62D3BD7}"
EndProject
Global
	GlobalSection(SolutionConfigurationPlatforms) = preSolution
		Debug|Any CPU = Debug|Any CPU
		Release|Any CPU = Release|Any CPU
	EndGlobalSection
	GlobalSection(ProjectConfigurationPlatforms) = postSolution
		{E201009D-2834-4BE9-A46A-C52DD62D3BD7}.Debug|Any CPU.ActiveCfg = Debug|Any CPU
		{E201009D-2834-4BE9-A46A-C52DD62D3BD7}.Debug|Any CPU.Build.0 = Debug|Any CPU
		{E201009D-2834-4BE9-A46A-C52DD62D3BD7}.Release|Any CPU.ActiveCfg = Release|Any CPU
		{E201009D-2834-4BE9-A46A-C52DD62D3BD7}.Release|Any CPU.Build.0 = Release|Any CPU
	EndGlobalSection
	GlobalSection(SolutionProperties) = preSolution
		HideSolutionNode = FALSE
	EndGlobalSection
	GlobalSection(ExtensibilityGlobals) = postSolution
		SolutionGuid = {831738F4-3657-47C8-B48F-B1046EEE8B5B}
	EndGlobalSection
EndGlobal
